
Microsoft Visual Studio Solution File, Format Version 12.00
# Visual Studio 14
VisualStudioVersion = 14.0.24720.0
MinimumVisualStudioVersion = 10.0.40219.1
Project("{2150E333-8FDC-42A3-9474-1A3956D46DE8}") = "Solution items", "Solution items", "{FA7F2C96-0D08-4B4B-AE17-1684ED6AA191}"
	ProjectSection(SolutionItems) = preProject
		.gitignore = .gitignore
		AIGames.Tooling.license.md = AIGames.Tooling.license.md
		readme.md = readme.md
	EndProjectSection
EndProject
Project("{FAE04EC0-301F-11D3-BF4B-00C04F79EFBC}") = "AIGames.Challenger", "src\AIGames.Challenger\AIGames.Challenger.csproj", "{D844762B-906B-4B28-B462-6A49D4225E72}"
EndProject
Project("{FAE04EC0-301F-11D3-BF4B-00C04F79EFBC}") = "AIGames.Core", "src\AIGames.Core\AIGames.Core.csproj", "{F3F28754-E46A-4E1D-A7E9-054BF509A22E}"
EndProject
Project("{FAE04EC0-301F-11D3-BF4B-00C04F79EFBC}") = "AIGames.UnitTests", "src\AIGames.UnitTests\AIGames.UnitTests.csproj", "{AB561477-9EAB-4AEB-9361-88CDCAC3667E}"
EndProject
Project("{FAE04EC0-301F-11D3-BF4B-00C04F79EFBC}") = "AIGames.GameImporter", "src\AIGames.GameImporter\AIGames.GameImporter.csproj", "{DB0BE48D-4D0A-40B6-8B3B-CC03434D393A}"
EndProject
Project("{2150E333-8FDC-42A3-9474-1A3956D46DE8}") = "Shared", "Shared", "{2B0B4BD5-CBAB-4290-9C87-053102D4C8FA}"
	ProjectSection(SolutionItems) = preProject
		src\Shared\AssemblyInfo.Shared.cs = src\Shared\AssemblyInfo.Shared.cs
	EndProjectSection
EndProject
Project("{FAE04EC0-301F-11D3-BF4B-00C04F79EFBC}") = "AIGames.AllTimeRanking", "src\AIGames.AllTimeRanking\AIGames.AllTimeRanking.csproj", "{9B23CAD7-66A5-4C83-B66F-6A54971DEDF3}"
EndProject
Global
	GlobalSection(SolutionConfigurationPlatforms) = preSolution
		Debug|Any CPU = Debug|Any CPU
		Release|Any CPU = Release|Any CPU
	EndGlobalSection
	GlobalSection(ProjectConfigurationPlatforms) = postSolution
		{D844762B-906B-4B28-B462-6A49D4225E72}.Debug|Any CPU.ActiveCfg = Debug|Any CPU
		{D844762B-906B-4B28-B462-6A49D4225E72}.Debug|Any CPU.Build.0 = Debug|Any CPU
		{D844762B-906B-4B28-B462-6A49D4225E72}.Release|Any CPU.ActiveCfg = Release|Any CPU
		{D844762B-906B-4B28-B462-6A49D4225E72}.Release|Any CPU.Build.0 = Release|Any CPU
		{F3F28754-E46A-4E1D-A7E9-054BF509A22E}.Debug|Any CPU.ActiveCfg = Debug|Any CPU
		{F3F28754-E46A-4E1D-A7E9-054BF509A22E}.Debug|Any CPU.Build.0 = Debug|Any CPU
		{F3F28754-E46A-4E1D-A7E9-054BF509A22E}.Release|Any CPU.ActiveCfg = Release|Any CPU
		{F3F28754-E46A-4E1D-A7E9-054BF509A22E}.Release|Any CPU.Build.0 = Release|Any CPU
		{AB561477-9EAB-4AEB-9361-88CDCAC3667E}.Debug|Any CPU.ActiveCfg = Debug|Any CPU
		{AB561477-9EAB-4AEB-9361-88CDCAC3667E}.Debug|Any CPU.Build.0 = Debug|Any CPU
		{AB561477-9EAB-4AEB-9361-88CDCAC3667E}.Release|Any CPU.ActiveCfg = Release|Any CPU
		{AB561477-9EAB-4AEB-9361-88CDCAC3667E}.Release|Any CPU.Build.0 = Release|Any CPU
		{DB0BE48D-4D0A-40B6-8B3B-CC03434D393A}.Debug|Any CPU.ActiveCfg = Debug|Any CPU
		{DB0BE48D-4D0A-40B6-8B3B-CC03434D393A}.Debug|Any CPU.Build.0 = Debug|Any CPU
		{DB0BE48D-4D0A-40B6-8B3B-CC03434D393A}.Release|Any CPU.ActiveCfg = Release|Any CPU
		{DB0BE48D-4D0A-40B6-8B3B-CC03434D393A}.Release|Any CPU.Build.0 = Release|Any CPU
		{9B23CAD7-66A5-4C83-B66F-6A54971DEDF3}.Debug|Any CPU.ActiveCfg = Debug|Any CPU
		{9B23CAD7-66A5-4C83-B66F-6A54971DEDF3}.Debug|Any CPU.Build.0 = Debug|Any CPU
		{9B23CAD7-66A5-4C83-B66F-6A54971DEDF3}.Release|Any CPU.ActiveCfg = Release|Any CPU
		{9B23CAD7-66A5-4C83-B66F-6A54971DEDF3}.Release|Any CPU.Build.0 = Release|Any CPU
	EndGlobalSection
	GlobalSection(SolutionProperties) = preSolution
		HideSolutionNode = FALSE
	EndGlobalSection
	GlobalSection(NestedProjects) = preSolution
		{2B0B4BD5-CBAB-4290-9C87-053102D4C8FA} = {FA7F2C96-0D08-4B4B-AE17-1684ED6AA191}
	EndGlobalSection
EndGlobal
